
Microsoft Visual Studio Solution File, Format Version 12.00
# Visual Studio Version 16
VisualStudioVersion = 16.0.31205.134
MinimumVisualStudioVersion = 10.0.40219.1
Project("{FAE04EC0-301F-11D3-BF4B-00C04F79EFBC}") = "AEV7", "AEV7.csproj", "{DA619A5C-511D-4742-901E-3CD186F66801}"
EndProject
Global
	GlobalSection(SolutionConfigurationPlatforms) = preSolution
		Debug|Any CPU = Debug|Any CPU
		Release|Any CPU = Release|Any CPU
	EndGlobalSection
	GlobalSection(ProjectConfigurationPlatforms) = postSolution
		{DA619A5C-511D-4742-901E-3CD186F66801}.Debug|Any CPU.ActiveCfg = Debug|Any CPU
		{DA619A5C-511D-4742-901E-3CD186F66801}.Debug|Any CPU.Build.0 = Debug|Any CPU
		{DA619A5C-511D-4742-901E-3CD186F66801}.Release|Any CPU.ActiveCfg = Release|Any CPU
		{DA619A5C-511D-4742-901E-3CD186F66801}.Release|Any CPU.Build.0 = Release|Any CPU
	EndGlobalSection
	GlobalSection(SolutionProperties) = preSolution
		HideSolutionNode = FALSE
	EndGlobalSection
	GlobalSection(ExtensibilityGlobals) = postSolution
		SolutionGuid = {9B55101B-3BD9-4ACF-88A2-45F20380683D}
	EndGlobalSection
EndGlobal
