
Microsoft Visual Studio Solution File, Format Version 12.00
# Visual Studio Version 16
VisualStudioVersion = 16.0.30804.86
MinimumVisualStudioVersion = 10.0.40219.1
Project("{FAE04EC0-301F-11D3-BF4B-00C04F79EFBC}") = "AP7_35", "AP7_35.csproj", "{93048CCA-052A-40A4-A5D6-66D98FCC1640}"
EndProject
Global
	GlobalSection(SolutionConfigurationPlatforms) = preSolution
		Debug|Any CPU = Debug|Any CPU
		Release|Any CPU = Release|Any CPU
	EndGlobalSection
	GlobalSection(ProjectConfigurationPlatforms) = postSolution
		{93048CCA-052A-40A4-A5D6-66D98FCC1640}.Debug|Any CPU.ActiveCfg = Debug|Any CPU
		{93048CCA-052A-40A4-A5D6-66D98FCC1640}.Debug|Any CPU.Build.0 = Debug|Any CPU
		{93048CCA-052A-40A4-A5D6-66D98FCC1640}.Release|Any CPU.ActiveCfg = Release|Any CPU
		{93048CCA-052A-40A4-A5D6-66D98FCC1640}.Release|Any CPU.Build.0 = Release|Any CPU
	EndGlobalSection
	GlobalSection(SolutionProperties) = preSolution
		HideSolutionNode = FALSE
	EndGlobalSection
	GlobalSection(ExtensibilityGlobals) = postSolution
		SolutionGuid = {6093AA3F-9403-4883-A44A-389A233DE5B8}
	EndGlobalSection
EndGlobal
