
Microsoft Visual Studio Solution File, Format Version 12.00
# Visual Studio Version 16
VisualStudioVersion = 16.0.30804.86
MinimumVisualStudioVersion = 10.0.40219.1
Project("{FAE04EC0-301F-11D3-BF4B-00C04F79EFBC}") = "AP7_20", "AP7_20.csproj", "{026E808C-6A86-4BE6-828C-072DF59A9EAB}"
EndProject
Global
	GlobalSection(SolutionConfigurationPlatforms) = preSolution
		Debug|Any CPU = Debug|Any CPU
		Release|Any CPU = Release|Any CPU
	EndGlobalSection
	GlobalSection(ProjectConfigurationPlatforms) = postSolution
		{026E808C-6A86-4BE6-828C-072DF59A9EAB}.Debug|Any CPU.ActiveCfg = Debug|Any CPU
		{026E808C-6A86-4BE6-828C-072DF59A9EAB}.Debug|Any CPU.Build.0 = Debug|Any CPU
		{026E808C-6A86-4BE6-828C-072DF59A9EAB}.Release|Any CPU.ActiveCfg = Release|Any CPU
		{026E808C-6A86-4BE6-828C-072DF59A9EAB}.Release|Any CPU.Build.0 = Release|Any CPU
	EndGlobalSection
	GlobalSection(SolutionProperties) = preSolution
		HideSolutionNode = FALSE
	EndGlobalSection
	GlobalSection(ExtensibilityGlobals) = postSolution
		SolutionGuid = {C8726ACF-F177-449A-9A74-E6AFFCA1800F}
	EndGlobalSection
EndGlobal
