
Microsoft Visual Studio Solution File, Format Version 12.00
# Visual Studio Version 16
VisualStudioVersion = 16.0.30907.101
MinimumVisualStudioVersion = 10.0.40219.1
Project("{FAE04EC0-301F-11D3-BF4B-00C04F79EFBC}") = "AP9_02", "AP9_02.csproj", "{C032A534-1D5D-42FC-9590-C16B55A2DEB0}"
EndProject
Global
	GlobalSection(SolutionConfigurationPlatforms) = preSolution
		Debug|Any CPU = Debug|Any CPU
		Release|Any CPU = Release|Any CPU
	EndGlobalSection
	GlobalSection(ProjectConfigurationPlatforms) = postSolution
		{C032A534-1D5D-42FC-9590-C16B55A2DEB0}.Debug|Any CPU.ActiveCfg = Debug|Any CPU
		{C032A534-1D5D-42FC-9590-C16B55A2DEB0}.Debug|Any CPU.Build.0 = Debug|Any CPU
		{C032A534-1D5D-42FC-9590-C16B55A2DEB0}.Release|Any CPU.ActiveCfg = Release|Any CPU
		{C032A534-1D5D-42FC-9590-C16B55A2DEB0}.Release|Any CPU.Build.0 = Release|Any CPU
	EndGlobalSection
	GlobalSection(SolutionProperties) = preSolution
		HideSolutionNode = FALSE
	EndGlobalSection
	GlobalSection(ExtensibilityGlobals) = postSolution
		SolutionGuid = {04C4BEAA-2F15-4865-9D03-6B5A6296A2FA}
	EndGlobalSection
EndGlobal
