
Microsoft Visual Studio Solution File, Format Version 12.00
# Visual Studio Version 16
VisualStudioVersion = 16.0.30204.135
MinimumVisualStudioVersion = 10.0.40219.1
Project("{FAE04EC0-301F-11D3-BF4B-00C04F79EFBC}") = "AP11_01", "AP11_01.csproj", "{7FDED7AF-F0EB-4A51-9F97-D8E280BF4771}"
EndProject
Global
	GlobalSection(SolutionConfigurationPlatforms) = preSolution
		Debug|Any CPU = Debug|Any CPU
		Release|Any CPU = Release|Any CPU
	EndGlobalSection
	GlobalSection(ProjectConfigurationPlatforms) = postSolution
		{7FDED7AF-F0EB-4A51-9F97-D8E280BF4771}.Debug|Any CPU.ActiveCfg = Debug|Any CPU
		{7FDED7AF-F0EB-4A51-9F97-D8E280BF4771}.Debug|Any CPU.Build.0 = Debug|Any CPU
		{7FDED7AF-F0EB-4A51-9F97-D8E280BF4771}.Release|Any CPU.ActiveCfg = Release|Any CPU
		{7FDED7AF-F0EB-4A51-9F97-D8E280BF4771}.Release|Any CPU.Build.0 = Release|Any CPU
	EndGlobalSection
	GlobalSection(SolutionProperties) = preSolution
		HideSolutionNode = FALSE
	EndGlobalSection
	GlobalSection(ExtensibilityGlobals) = postSolution
		SolutionGuid = {3C0FC92E-B36B-480C-AFAB-8B979BFB1279}
	EndGlobalSection
EndGlobal
