
Microsoft Visual Studio Solution File, Format Version 12.00
# Visual Studio Version 16
VisualStudioVersion = 16.0.31019.35
MinimumVisualStudioVersion = 10.0.40219.1
Project("{FAE04EC0-301F-11D3-BF4B-00C04F79EFBC}") = "AP14_03", "AP14_03.csproj", "{E52E311A-666C-4B14-9214-9C7F23F26088}"
EndProject
Global
	GlobalSection(SolutionConfigurationPlatforms) = preSolution
		Debug|Any CPU = Debug|Any CPU
		Release|Any CPU = Release|Any CPU
	EndGlobalSection
	GlobalSection(ProjectConfigurationPlatforms) = postSolution
		{E52E311A-666C-4B14-9214-9C7F23F26088}.Debug|Any CPU.ActiveCfg = Debug|Any CPU
		{E52E311A-666C-4B14-9214-9C7F23F26088}.Debug|Any CPU.Build.0 = Debug|Any CPU
		{E52E311A-666C-4B14-9214-9C7F23F26088}.Release|Any CPU.ActiveCfg = Release|Any CPU
		{E52E311A-666C-4B14-9214-9C7F23F26088}.Release|Any CPU.Build.0 = Release|Any CPU
	EndGlobalSection
	GlobalSection(SolutionProperties) = preSolution
		HideSolutionNode = FALSE
	EndGlobalSection
	GlobalSection(ExtensibilityGlobals) = postSolution
		SolutionGuid = {1E0B2BCA-1ACA-4B95-9E27-35FDE3874268}
	EndGlobalSection
EndGlobal
