
Microsoft Visual Studio Solution File, Format Version 12.00
# Visual Studio Version 16
VisualStudioVersion = 16.0.30804.86
MinimumVisualStudioVersion = 10.0.40219.1
Project("{FAE04EC0-301F-11D3-BF4B-00C04F79EFBC}") = "AP7_04", "AP7_04.csproj", "{CC1C54AB-C0F0-48CA-8B4A-4EEFA099A5E7}"
EndProject
Global
	GlobalSection(SolutionConfigurationPlatforms) = preSolution
		Debug|Any CPU = Debug|Any CPU
		Release|Any CPU = Release|Any CPU
	EndGlobalSection
	GlobalSection(ProjectConfigurationPlatforms) = postSolution
		{CC1C54AB-C0F0-48CA-8B4A-4EEFA099A5E7}.Debug|Any CPU.ActiveCfg = Debug|Any CPU
		{CC1C54AB-C0F0-48CA-8B4A-4EEFA099A5E7}.Debug|Any CPU.Build.0 = Debug|Any CPU
		{CC1C54AB-C0F0-48CA-8B4A-4EEFA099A5E7}.Release|Any CPU.ActiveCfg = Release|Any CPU
		{CC1C54AB-C0F0-48CA-8B4A-4EEFA099A5E7}.Release|Any CPU.Build.0 = Release|Any CPU
	EndGlobalSection
	GlobalSection(SolutionProperties) = preSolution
		HideSolutionNode = FALSE
	EndGlobalSection
	GlobalSection(ExtensibilityGlobals) = postSolution
		SolutionGuid = {7E649590-BB99-44CE-BD74-2A055448C3F2}
	EndGlobalSection
EndGlobal
