
Microsoft Visual Studio Solution File, Format Version 12.00
# Visual Studio Version 16
VisualStudioVersion = 16.0.30907.101
MinimumVisualStudioVersion = 10.0.40219.1
Project("{FAE04EC0-301F-11D3-BF4B-00C04F79EFBC}") = "AP10_04", "AP10_04.csproj", "{9B67C8AC-D536-4FF7-8CAA-12C1E07D9D8D}"
EndProject
Global
	GlobalSection(SolutionConfigurationPlatforms) = preSolution
		Debug|Any CPU = Debug|Any CPU
		Release|Any CPU = Release|Any CPU
	EndGlobalSection
	GlobalSection(ProjectConfigurationPlatforms) = postSolution
		{9B67C8AC-D536-4FF7-8CAA-12C1E07D9D8D}.Debug|Any CPU.ActiveCfg = Debug|Any CPU
		{9B67C8AC-D536-4FF7-8CAA-12C1E07D9D8D}.Debug|Any CPU.Build.0 = Debug|Any CPU
		{9B67C8AC-D536-4FF7-8CAA-12C1E07D9D8D}.Release|Any CPU.ActiveCfg = Release|Any CPU
		{9B67C8AC-D536-4FF7-8CAA-12C1E07D9D8D}.Release|Any CPU.Build.0 = Release|Any CPU
	EndGlobalSection
	GlobalSection(SolutionProperties) = preSolution
		HideSolutionNode = FALSE
	EndGlobalSection
	GlobalSection(ExtensibilityGlobals) = postSolution
		SolutionGuid = {A78ECE1E-8FCE-43A8-8521-BF8398499476}
	EndGlobalSection
EndGlobal
