
Microsoft Visual Studio Solution File, Format Version 12.00
# Visual Studio Version 16
VisualStudioVersion = 16.0.30804.86
MinimumVisualStudioVersion = 10.0.40219.1
Project("{FAE04EC0-301F-11D3-BF4B-00C04F79EFBC}") = "AP7_07", "AP7_07.csproj", "{7667DF19-094D-409D-8EC9-173D570954EF}"
EndProject
Global
	GlobalSection(SolutionConfigurationPlatforms) = preSolution
		Debug|Any CPU = Debug|Any CPU
		Release|Any CPU = Release|Any CPU
	EndGlobalSection
	GlobalSection(ProjectConfigurationPlatforms) = postSolution
		{7667DF19-094D-409D-8EC9-173D570954EF}.Debug|Any CPU.ActiveCfg = Debug|Any CPU
		{7667DF19-094D-409D-8EC9-173D570954EF}.Debug|Any CPU.Build.0 = Debug|Any CPU
		{7667DF19-094D-409D-8EC9-173D570954EF}.Release|Any CPU.ActiveCfg = Release|Any CPU
		{7667DF19-094D-409D-8EC9-173D570954EF}.Release|Any CPU.Build.0 = Release|Any CPU
	EndGlobalSection
	GlobalSection(SolutionProperties) = preSolution
		HideSolutionNode = FALSE
	EndGlobalSection
	GlobalSection(ExtensibilityGlobals) = postSolution
		SolutionGuid = {0B2E2CFD-24DF-4DB9-966D-9AE025DE9CA6}
	EndGlobalSection
EndGlobal
