
Microsoft Visual Studio Solution File, Format Version 12.00
# Visual Studio Version 16
VisualStudioVersion = 16.0.30804.86
MinimumVisualStudioVersion = 10.0.40219.1
Project("{FAE04EC0-301F-11D3-BF4B-00C04F79EFBC}") = "AP7_01a", "AP7_01a.csproj", "{E8E5BBD0-76F6-46BF-A7B0-13FD9C661610}"
EndProject
Global
	GlobalSection(SolutionConfigurationPlatforms) = preSolution
		Debug|Any CPU = Debug|Any CPU
		Release|Any CPU = Release|Any CPU
	EndGlobalSection
	GlobalSection(ProjectConfigurationPlatforms) = postSolution
		{E8E5BBD0-76F6-46BF-A7B0-13FD9C661610}.Debug|Any CPU.ActiveCfg = Debug|Any CPU
		{E8E5BBD0-76F6-46BF-A7B0-13FD9C661610}.Debug|Any CPU.Build.0 = Debug|Any CPU
		{E8E5BBD0-76F6-46BF-A7B0-13FD9C661610}.Release|Any CPU.ActiveCfg = Release|Any CPU
		{E8E5BBD0-76F6-46BF-A7B0-13FD9C661610}.Release|Any CPU.Build.0 = Release|Any CPU
	EndGlobalSection
	GlobalSection(SolutionProperties) = preSolution
		HideSolutionNode = FALSE
	EndGlobalSection
	GlobalSection(ExtensibilityGlobals) = postSolution
		SolutionGuid = {CB36DA03-6781-47F8-8DDF-63246243639A}
	EndGlobalSection
EndGlobal
